# Generated by conda-lock.
# platform: linux-64
# input_hash: b3fd85635828c53bd0cf2541194b967068a09562fb0e56eaa4759598673b1c86
@EXPLICIT
https://conda.anaconda.org/conda-forge/linux-64/_libgcc_mutex-0.1-conda_forge.tar.bz2#d7c89558ba9fa0495403155b64376d81
https://conda.anaconda.org/conda-forge/noarch/_r-mutex-1.0.1-anacondar_1.tar.bz2#19f9db5f4f1b7f5ef5f6d67207f25f38
https://conda.anaconda.org/conda-forge/linux-64/ca-certificates-2022.6.15-ha878542_0.tar.bz2#c320890f77fd1d617fa876e0982002c2
https://conda.anaconda.org/conda-forge/noarch/font-ttf-dejavu-sans-mono-2.37-hab24e00_0.tar.bz2#0c96522c6bdaed4b1566d11387caaf45
https://conda.anaconda.org/conda-forge/noarch/font-ttf-inconsolata-3.000-h77eed37_0.tar.bz2#34893075a5c9e55cdafac56607368fc6
https://conda.anaconda.org/conda-forge/noarch/font-ttf-source-code-pro-2.038-h77eed37_0.tar.bz2#4d59c254e01d9cde7957100457e2d5fb
https://conda.anaconda.org/conda-forge/noarch/font-ttf-ubuntu-0.83-hab24e00_0.tar.bz2#19410c3df09dfb12d1206132a1d357c5
https://conda.anaconda.org/conda-forge/noarch/kernel-headers_linux-64-2.6.32-he073ed8_15.tar.bz2#5dd5127afd710f91f6a75821bac0a4f0
https://conda.anaconda.org/conda-forge/linux-64/ld_impl_linux-64-2.36.1-hea4e1c9_2.tar.bz2#bd4f2e711b39af170e7ff15163fe87ee
https://conda.anaconda.org/conda-forge/linux-64/libgcc-devel_linux-64-10.3.0-he6cfe16_16.tar.bz2#878a30aba0574e69bd920c55f243aa06
https://conda.anaconda.org/conda-forge/linux-64/libgfortran5-12.1.0-hdcd56e2_16.tar.bz2#b02605b875559ff99f04351fd5040760
https://conda.anaconda.org/conda-forge/linux-64/libstdcxx-devel_linux-64-10.3.0-he6cfe16_16.tar.bz2#baae55f62968547a3731cb668736f611
https://conda.anaconda.org/conda-forge/linux-64/libstdcxx-ng-12.1.0-ha89aaad_16.tar.bz2#6f5ba041a41eb102a1027d9e68731be7
https://conda.anaconda.org/conda-forge/noarch/pybind11-abi-4-hd8ed1ab_3.tar.bz2#878f923dd6acc8aeb47a75da6c4098be
https://conda.anaconda.org/conda-forge/noarch/tzdata-2022a-h191b570_0.tar.bz2#84be5301069417a2221187d2f435e0f7
https://conda.anaconda.org/conda-forge/noarch/fonts-conda-forge-1-0.tar.bz2#f766549260d6815b0c52253f1fb1bb29
https://conda.anaconda.org/conda-forge/linux-64/libgfortran-ng-12.1.0-h69a702a_16.tar.bz2#6bf15e29a20f614b18ae89368260d0a2
https://conda.anaconda.org/conda-forge/linux-64/libgomp-12.1.0-h8d9b700_16.tar.bz2#f013cf7749536ce43d82afbffdf499ab
https://conda.anaconda.org/conda-forge/noarch/sysroot_linux-64-2.12-he073ed8_15.tar.bz2#66c192522eacf5bb763568b4e415d133
https://conda.anaconda.org/conda-forge/linux-64/_openmp_mutex-4.5-2_gnu.tar.bz2#73aaf86a425cc6e73fcf236a5a46396d
https://conda.anaconda.org/conda-forge/linux-64/binutils_impl_linux-64-2.36.1-h193b22a_2.tar.bz2#32aae4265554a47ea77f7c09f86aeb3b
https://conda.anaconda.org/conda-forge/noarch/fonts-conda-ecosystem-1-0.tar.bz2#fee5683a3f04bd15cbd8318b096a27ab
https://conda.anaconda.org/conda-forge/linux-64/binutils_linux-64-2.36-hf3e587d_10.tar.bz2#9d5cdbfe24b182d4c749b86d500ac9d2
https://conda.anaconda.org/conda-forge/linux-64/libgcc-ng-12.1.0-h8d9b700_16.tar.bz2#4f05bc9844f7c101e6e147dab3c88d5c
https://conda.anaconda.org/conda-forge/linux-64/bzip2-1.0.8-h7f98852_4.tar.bz2#a1fd65c7ccbf10880423d82bca54eb54
https://conda.anaconda.org/conda-forge/linux-64/c-ares-1.18.1-h7f98852_0.tar.bz2#f26ef8098fab1f719c91eb760d63381a
https://conda.anaconda.org/conda-forge/linux-64/expat-2.4.8-h27087fc_0.tar.bz2#e1b07832504eeba765d648389cc387a9
https://conda.anaconda.org/conda-forge/linux-64/fribidi-1.0.10-h36c2ea0_0.tar.bz2#ac7bc6a654f8f41b352b38f4051135f8
https://conda.anaconda.org/conda-forge/linux-64/graphite2-1.3.13-h58526e2_1001.tar.bz2#8c54672728e8ec6aa6db90cf2806d220
https://conda.anaconda.org/conda-forge/linux-64/icu-70.1-h27087fc_0.tar.bz2#87473a15119779e021c314249d4b4aed
https://conda.anaconda.org/conda-forge/linux-64/jpeg-9e-h166bdaf_2.tar.bz2#ee8b844357a0946870901c7c6f418268
https://conda.anaconda.org/conda-forge/linux-64/keyutils-1.6.1-h166bdaf_0.tar.bz2#30186d27e2c9fa62b45fb1476b7200e3
https://conda.anaconda.org/conda-forge/linux-64/lerc-3.0-h9c3ff4c_0.tar.bz2#7fcefde484980d23f0ec24c11e314d2e
https://conda.anaconda.org/conda-forge/linux-64/libdeflate-1.12-h166bdaf_0.tar.bz2#d56e3db8fa642fb383f18f5be35eeef2
https://conda.anaconda.org/conda-forge/linux-64/libev-4.33-h516909a_1.tar.bz2#6f8720dff19e17ce5d48cfe7f3d2f0a3
https://conda.anaconda.org/conda-forge/linux-64/libffi-3.4.2-h7f98852_5.tar.bz2#d645c6d2ac96843a2bfaccd2d62b3ac3
https://conda.anaconda.org/conda-forge/linux-64/libiconv-1.16-h516909a_0.tar.bz2#5c0f338a513a2943c659ae619fca9211
https://conda.anaconda.org/conda-forge/linux-64/libnsl-2.0.0-h7f98852_0.tar.bz2#39b1328babf85c7c3a61636d9cd50206
https://conda.anaconda.org/conda-forge/linux-64/libopenblas-0.3.20-pthreads_h78a6416_0.tar.bz2#9b6d0781953c9e353faee494336cc229
https://conda.anaconda.org/conda-forge/linux-64/libsanitizer-10.3.0-h26c7422_16.tar.bz2#4076c395c7fa53cd708949e4be48154e
https://conda.anaconda.org/conda-forge/linux-64/libuuid-2.32.1-h7f98852_1000.tar.bz2#772d69f030955d9646d3d0eaf21d859d
https://conda.anaconda.org/conda-forge/linux-64/libwebp-base-1.2.3-h166bdaf_0.tar.bz2#3d6168ac3560d473e52a7cb836400135
https://conda.anaconda.org/conda-forge/linux-64/libzlib-1.2.12-h166bdaf_2.tar.bz2#8302381297332ea50532cf2c67961080
https://conda.anaconda.org/conda-forge/linux-64/lz4-c-1.9.3-h9c3ff4c_1.tar.bz2#fbe97e8fa6f275d7c76a09e795adc3e6
https://conda.anaconda.org/conda-forge/linux-64/lzo-2.10-h516909a_1000.tar.bz2#bb14fcb13341b81d5eb386423b9d2bac
https://conda.anaconda.org/conda-forge/linux-64/make-4.3-hd18ef5c_1.tar.bz2#4049ebfd3190b580dffe76daed26155a
https://conda.anaconda.org/conda-forge/linux-64/ncurses-6.3-h27087fc_1.tar.bz2#4acfc691e64342b9dae57cf2adc63238
https://conda.anaconda.org/conda-forge/linux-64/openssl-1.1.1q-h166bdaf_0.tar.bz2#07acc367c7fc8b716770cd5b36d31717
https://conda.anaconda.org/conda-forge/linux-64/pcre-8.45-h9c3ff4c_0.tar.bz2#c05d1820a6d34ff07aaaab7a9b7eddaa
https://conda.anaconda.org/conda-forge/linux-64/pixman-0.40.0-h36c2ea0_0.tar.bz2#660e72c82f2e75a6b3fe6a6e75c79f19
https://conda.anaconda.org/conda-forge/linux-64/pthread-stubs-0.4-h36c2ea0_1001.tar.bz2#22dad4df6e8630e8dff2428f6f6a7036
https://conda.anaconda.org/conda-forge/linux-64/reproc-14.2.3-h7f98852_0.tar.bz2#1e16d4142b016b6a5ebdeb3d6d33aaf4
https://conda.anaconda.org/conda-forge/linux-64/sed-4.8-he412f7d_0.tar.bz2#7362f0042e95681f5d371c46c83ebd08
https://conda.anaconda.org/conda-forge/linux-64/xorg-kbproto-1.0.7-h7f98852_1002.tar.bz2#4b230e8381279d76131116660f5a241a
https://conda.anaconda.org/conda-forge/linux-64/xorg-libice-1.0.10-h7f98852_0.tar.bz2#d6b0b50b49eccfe0be0373be628be0f3
https://conda.anaconda.org/conda-forge/linux-64/xorg-libxau-1.0.9-h7f98852_0.tar.bz2#bf6f803a544f26ebbdc3bfff272eb179
https://conda.anaconda.org/conda-forge/linux-64/xorg-libxdmcp-1.1.3-h7f98852_0.tar.bz2#be93aabceefa2fac576e971aef407908
https://conda.anaconda.org/conda-forge/linux-64/xorg-renderproto-0.11.1-h7f98852_1002.tar.bz2#06feff3d2634e3097ce2fe681474b534
https://conda.anaconda.org/conda-forge/linux-64/xorg-xextproto-7.3.0-h7f98852_1002.tar.bz2#1e15f6ad85a7d743a2ac68dae6c82b98
https://conda.anaconda.org/conda-forge/linux-64/xorg-xproto-7.0.31-h7f98852_1007.tar.bz2#b4a4381d54784606820704f7b5f05a15
https://conda.anaconda.org/conda-forge/linux-64/xz-5.2.5-h516909a_1.tar.bz2#33f601066901f3e1a85af3522a8113f9
https://conda.anaconda.org/conda-forge/linux-64/yaml-0.2.5-h7f98852_2.tar.bz2#4cb3ad778ec2d5a7acbdf254eb1c42ae
https://conda.anaconda.org/conda-forge/linux-64/yaml-cpp-0.7.0-h27087fc_1.tar.bz2#c4d3e448c6805bb0596ebce9eff930f6
https://conda.anaconda.org/conda-forge/linux-64/gcc_impl_linux-64-10.3.0-hf2f2afa_16.tar.bz2#a340c8ce9e702836e999984fcabd1b6e
https://conda.anaconda.org/conda-forge/linux-64/gettext-0.19.8.1-h73d1719_1008.tar.bz2#af49250eca8e139378f8ff0ae9e57251
https://conda.anaconda.org/conda-forge/linux-64/libblas-3.9.0-15_linux64_openblas.tar.bz2#04eb983975a1be3e57d6d667414cd774
https://conda.anaconda.org/conda-forge/linux-64/libedit-3.1.20191231-he28a2e2_2.tar.bz2#4d331e44109e3f0e19b4cb8f9b82f3e1
https://conda.anaconda.org/conda-forge/linux-64/libsolv-0.7.22-h6239696_0.tar.bz2#461963bb499e58bae159a898600f8792
https://conda.anaconda.org/conda-forge/linux-64/libxcb-1.13-h7f98852_1004.tar.bz2#b3653fdc58d03face9724f602218a904
https://conda.anaconda.org/conda-forge/linux-64/readline-8.1.2-h0f457ee_0.tar.bz2#db2ebbe2943aae81ed051a6a9af8e0fa
https://conda.anaconda.org/conda-forge/linux-64/reproc-cpp-14.2.3-h9c3ff4c_0.tar.bz2#1fc15d3b393b62192d3eeade92b61610
https://conda.anaconda.org/conda-forge/linux-64/tk-8.6.12-h27826a3_0.tar.bz2#5b8c42eb62e9fc961af70bdd6a26e168
https://conda.anaconda.org/conda-forge/linux-64/xorg-libsm-1.2.3-hd9c2040_1000.tar.bz2#9e856f78d5c80d5a78f61e72d1d473a3
https://conda.anaconda.org/conda-forge/linux-64/zlib-1.2.12-h166bdaf_2.tar.bz2#4533821485cde83ab12ff3d8bda83768
https://conda.anaconda.org/conda-forge/linux-64/zstd-1.5.2-h8a70e8d_2.tar.bz2#78c26dbb6e07d95ccc0eab8d4540aa0c
https://conda.anaconda.org/conda-forge/linux-64/bwidget-1.9.14-ha770c72_1.tar.bz2#5746d6202ba2abad4a4707f2a2462795
https://conda.anaconda.org/conda-forge/linux-64/gcc_linux-64-10.3.0-hc39de41_10.tar.bz2#6e52c54509389c06f88ea74c137f75be
https://conda.anaconda.org/conda-forge/linux-64/gfortran_impl_linux-64-10.3.0-h73f4979_16.tar.bz2#0407b066da49b4562ce054c06b40558c
https://conda.anaconda.org/conda-forge/linux-64/gxx_impl_linux-64-10.3.0-hf2f2afa_16.tar.bz2#f825336ce3d4dba77ffd1edc78e7abf9
https://conda.anaconda.org/conda-forge/linux-64/krb5-1.19.3-h3790be6_0.tar.bz2#7d862b05445123144bec92cb1acc8ef8
https://conda.anaconda.org/conda-forge/linux-64/libcblas-3.9.0-15_linux64_openblas.tar.bz2#f45968428e445fd0c6472b561145812a
https://conda.anaconda.org/conda-forge/linux-64/libglib-2.72.1-h2d90d5f_0.tar.bz2#ebeadbb5fbc44052eeb6f96a2136e3c2
https://conda.anaconda.org/conda-forge/linux-64/liblapack-3.9.0-15_linux64_openblas.tar.bz2#b7078220384b8bf8db1a45e66412ac4f
https://conda.anaconda.org/conda-forge/linux-64/libnghttp2-1.47.0-h727a467_0.tar.bz2#a22567abfea169ff8048506b1ca9b230
https://conda.anaconda.org/conda-forge/linux-64/libpng-1.6.37-h753d276_3.tar.bz2#3e868978a04de8bf65a97bb86760f47a
https://conda.anaconda.org/conda-forge/linux-64/libssh2-1.10.0-ha56f1ee_2.tar.bz2#6ab4eaa11ff01801cffca0a27489dc04
https://conda.anaconda.org/conda-forge/linux-64/libtiff-4.4.0-hc85c160_1.tar.bz2#151f9fae3ab50f039c8735e47770aa2d
https://conda.anaconda.org/conda-forge/linux-64/libxml2-2.9.14-h22db469_3.tar.bz2#b6f4a0850ba620030a48b88c25497aaa
https://conda.anaconda.org/conda-forge/linux-64/pcre2-10.37-h032f7d1_0.tar.bz2#6469e4602e914febe6f057ad2271a54e
https://conda.anaconda.org/conda-forge/linux-64/sqlite-3.39.1-h4ff8645_0.tar.bz2#6acda9d2a3ea84b58637b8f880bbf29b
https://conda.anaconda.org/conda-forge/linux-64/tktable-2.10-hb7b940f_3.tar.bz2#ea4d0879e40211fa26f38d8986db1bbe
https://conda.anaconda.org/conda-forge/linux-64/xorg-libx11-1.7.2-h7f98852_0.tar.bz2#12a61e640b8894504326aadafccbb790
https://conda.anaconda.org/conda-forge/linux-64/dbus-1.13.6-h5008d03_3.tar.bz2#ecfff944ba3960ecb334b9a2663d708d
https://conda.anaconda.org/conda-forge/linux-64/freetype-2.10.4-h0708190_1.tar.bz2#4a06f2ac2e5bfae7b6b245171c3f07aa
https://conda.anaconda.org/conda-forge/linux-64/gfortran_linux-64-10.3.0-hb09a455_10.tar.bz2#dd9058b625a6edce185db90cf99e3590
https://conda.anaconda.org/conda-forge/linux-64/gsl-2.7-he838d99_0.tar.bz2#fec079ba39c9cca093bf4c00001825de
https://conda.anaconda.org/conda-forge/linux-64/gxx_linux-64-10.3.0-h2593f52_10.tar.bz2#075de70ba0493c56ed9e9cda930978ce
https://conda.anaconda.org/conda-forge/linux-64/libarchive-3.5.2-hb890918_3.tar.bz2#5b28408cfb6d2026ae7f2e7cb963f71a
https://conda.anaconda.org/conda-forge/linux-64/libcurl-7.83.1-h7bff187_0.tar.bz2#d0c278476dba3b29ee13203784672ab1
https://conda.anaconda.org/conda-forge/linux-64/python-3.7.12-hb7a2778_100_cpython.tar.bz2#2d94b3e6a9fdaf83f6955d008c8011a7
https://conda.anaconda.org/conda-forge/linux-64/xorg-libxext-1.3.4-h7f98852_1.tar.bz2#536cc5db4d0a3ba0630541aec064b5e4
https://conda.anaconda.org/conda-forge/linux-64/xorg-libxrender-0.9.10-h7f98852_1003.tar.bz2#f59c1242cc1dd93e72c2ee2b360979eb
https://conda.anaconda.org/conda-forge/linux-64/xorg-libxt-1.2.1-h7f98852_2.tar.bz2#60d6eec5273f1c9af096c10c268912e3
https://conda.anaconda.org/conda-forge/noarch/backports-1.0-py_2.tar.bz2#0da16b293affa6ac31812376f8eb79dd
https://conda.anaconda.org/conda-forge/noarch/cachy-0.3.0-py_0.tar.bz2#808c46dc56ae4a796830129aaf1b51ec
https://conda.anaconda.org/conda-forge/noarch/charset-normalizer-2.1.0-pyhd8ed1ab_0.tar.bz2#abc0453b6e7bfbb87d275d58e333fc98
https://conda.anaconda.org/conda-forge/noarch/colorama-0.4.5-pyhd8ed1ab_0.tar.bz2#c267da48ce208905d7d976d49dfd9433
https://conda.anaconda.org/conda-forge/noarch/crashtest-0.3.1-pyhd8ed1ab_0.tar.bz2#b8477552274c1cfdb533e954c76523f1
https://conda.anaconda.org/conda-forge/linux-64/curl-7.83.1-h7bff187_0.tar.bz2#ba33b9995f5e691e4f439422d6efafc7
https://conda.anaconda.org/conda-forge/noarch/distlib-0.3.5-pyhd8ed1ab_0.tar.bz2#f15c3912378a07726093cc94d1e13251
https://conda.anaconda.org/conda-forge/noarch/filelock-3.7.1-pyhd8ed1ab_0.tar.bz2#7556872687250e0ea038eb503da3c44b
https://conda.anaconda.org/conda-forge/linux-64/fontconfig-2.14.0-h8e229c2_0.tar.bz2#f314f79031fec74adc9bff50fbaffd89
https://conda.anaconda.org/conda-forge/noarch/idna-3.3-pyhd8ed1ab_0.tar.bz2#40b50b8b030f5f2f22085c062ed013dd
https://conda.anaconda.org/conda-forge/noarch/jeepney-0.8.0-pyhd8ed1ab_0.tar.bz2#9800ad1699b42612478755a2d26c722d
https://conda.anaconda.org/conda-forge/linux-64/libmamba-0.24.0-hd8a31e3_1.tar.bz2#b932f9ee19b2c7c312d434cc9788d772
https://conda.anaconda.org/conda-forge/noarch/lockfile-0.12.2-py_1.tar.bz2#c104d98e09c47519950cffb8dd5b4f10
https://conda.anaconda.org/conda-forge/noarch/pastel-0.2.1-pyhd8ed1ab_0.tar.bz2#a4eea5bff523f26442405bc5d1f52adb
https://conda.anaconda.org/conda-forge/noarch/pkginfo-1.8.3-pyhd8ed1ab_0.tar.bz2#0f2d0da112ff6fd76cc3ce038d72d2c9
https://conda.anaconda.org/conda-forge/noarch/platformdirs-2.5.2-pyhd8ed1ab_1.tar.bz2#2fb3f88922e7aec26ba652fcdfe13950
https://conda.anaconda.org/conda-forge/noarch/ptyprocess-0.7.0-pyhd3deb0d_0.tar.bz2#359eeb6536da0e687af562ed265ec263
https://conda.anaconda.org/conda-forge/noarch/pycparser-2.21-pyhd8ed1ab_0.tar.bz2#076becd9e05608f8dc72757d5f3a91ff
https://conda.anaconda.org/conda-forge/noarch/pylev-1.4.0-pyhd8ed1ab_0.tar.bz2#edf8651c4379d9d1495ad6229622d150
https://conda.anaconda.org/conda-forge/noarch/pyparsing-3.0.9-pyhd8ed1ab_0.tar.bz2#e8fbc1b54b25f4b08281467bc13b70cc
https://conda.anaconda.org/conda-forge/noarch/python-tzdata-2022.1-pyhd8ed1ab_0.tar.bz2#63b9ad103780c4d3c85af39a6f754b42
https://conda.anaconda.org/conda-forge/linux-64/python_abi-3.7-2_cp37m.tar.bz2#afff88bf9a7048da740c70aeb8cdbb82
https://conda.anaconda.org/conda-forge/noarch/pytz-2022.1-pyhd8ed1ab_0.tar.bz2#b87d66d6d3991d988fb31510c95a9267
https://conda.anaconda.org/conda-forge/noarch/shellingham-1.4.0-pyh44b312d_0.tar.bz2#437655338696f9d0dfdb0a024e66b255
https://conda.anaconda.org/conda-forge/noarch/simplegeneric-0.8.1-py_1.tar.bz2#a561caf8601e8d85547c77a54ee99333
https://conda.anaconda.org/conda-forge/noarch/six-1.16.0-pyh6c4a22f_0.tar.bz2#e5f25f8dbc060e9a8d912e432202afc2
https://conda.anaconda.org/conda-forge/noarch/typing-3.10.0.0-pyhd8ed1ab_0.tar.bz2#e6573ac68718f17b9d4f5c8eda3190f2
https://conda.anaconda.org/conda-forge/noarch/webencodings-0.5.1-py_1.tar.bz2#3563be4c5611a44210d9ba0c16113136
https://conda.anaconda.org/conda-forge/noarch/wheel-0.37.1-pyhd8ed1ab_0.tar.bz2#1ca02aaf78d9c70d9a81a3bed5752022
https://conda.anaconda.org/conda-forge/noarch/zipp-3.8.0-pyhd8ed1ab_0.tar.bz2#050b94cf4a8c760656e51d2d44e4632c
https://conda.anaconda.org/conda-forge/linux-64/backports.zoneinfo-0.2.1-py37h540881e_5.tar.bz2#b84004c2129865d0d4cf0c5b9d877513
https://conda.anaconda.org/conda-forge/linux-64/cairo-1.16.0-ha61ee94_1011.tar.bz2#0b53c7f7af13244374ef7226bac3f843
https://conda.anaconda.org/conda-forge/linux-64/certifi-2022.6.15-py37h89c1867_0.tar.bz2#594adc93177a269d5b88c557aa8b6212
https://conda.anaconda.org/conda-forge/linux-64/cffi-1.15.1-py37h43b0acd_0.tar.bz2#6c1ca1eafc80bf7b77b416cfa47f1747
https://conda.anaconda.org/conda-forge/noarch/clikit-0.6.2-pyh9f0ad1d_0.tar.bz2#159273f717a11e53b2656f8b6521a5e2
https://conda.anaconda.org/conda-forge/noarch/html5lib-1.1-pyh9f0ad1d_0.tar.bz2#b2355343d6315c892543200231d7154a
https://conda.anaconda.org/conda-forge/noarch/importlib-metadata-1.7.0-pyhd8ed1ab_1.tar.bz2#19187069400a0f15d43de319fd56c6f0
https://conda.anaconda.org/conda-forge/linux-64/libmambapy-0.24.0-py37h1ee4b26_1.tar.bz2#4993c191defe81732517aee4910a7b09
https://conda.anaconda.org/conda-forge/linux-64/markupsafe-2.1.1-py37h540881e_1.tar.bz2#a9123517674ab0589d955a5adbf58573
https://conda.anaconda.org/conda-forge/linux-64/msgpack-python-1.0.4-py37h7cecad7_0.tar.bz2#2da951801472ad558471831f9cee2bae
https://conda.anaconda.org/conda-forge/linux-64/numpy-1.21.6-py37h976b520_0.tar.bz2#b0701d8dc4849b6e06caf1c84135c13c
https://conda.anaconda.org/conda-forge/noarch/packaging-20.9-pyh44b312d_0.tar.bz2#be69a38e912054a62dc82cc3c7711a64
https://conda.anaconda.org/conda-forge/noarch/pexpect-4.8.0-pyh9f0ad1d_2.tar.bz2#5909e7b978141dd80d28dbf9de627827
https://conda.anaconda.org/conda-forge/linux-64/pycosat-0.6.3-py37h540881e_1010.tar.bz2#8cd76461aaeaa81c6acb5591c2c6efb4
https://conda.anaconda.org/conda-forge/linux-64/pysocks-1.7.1-py37h89c1867_5.tar.bz2#8c4b0563f96363ee99f1ab864616ac63
https://conda.anaconda.org/conda-forge/linux-64/ruamel_yaml-0.15.80-py37h540881e_1007.tar.bz2#ce30ad1c3b92a74eba53567bffe89879
https://conda.anaconda.org/conda-forge/linux-64/setuptools-63.2.0-py37h89c1867_0.tar.bz2#871efc5a0d0461c337f0cf224f2fe3e6
https://conda.anaconda.org/conda-forge/noarch/tomlkit-0.11.1-pyha770c72_0.tar.bz2#3347f5e2f9c13d792ae71bcefa8a5603
https://conda.anaconda.org/conda-forge/noarch/tqdm-4.64.0-pyhd8ed1ab_0.tar.bz2#6642233f341e1900d0c8e6eddb979c14
https://conda.anaconda.org/conda-forge/linux-64/brotlipy-0.7.0-py37h540881e_1004.tar.bz2#2703cec0c296bad200deecfe132db0fa
https://conda.anaconda.org/conda-forge/noarch/cleo-0.8.1-pyhd8ed1ab_2.tar.bz2#4c82b11a3d06031bd58e7d869f53d965
https://conda.anaconda.org/conda-forge/linux-64/conda-package-handling-1.8.1-py37h540881e_1.tar.bz2#26a1ccd995fdbe66ed574c3a68944913
https://conda.anaconda.org/conda-forge/linux-64/cryptography-37.0.4-py37h38fbfac_0.tar.bz2#d92a52883a2044fb12e678cbb90e5273
https://conda.anaconda.org/conda-forge/linux-64/harfbuzz-4.4.1-hf9f4e7c_0.tar.bz2#ac83998fdc71721da8c8f0846a25a503
https://conda.anaconda.org/conda-forge/noarch/importlib_metadata-1.7.0-hd8ed1ab_1.tar.bz2#8f68ed6ab2dbae9dd1558b71ec62201d
https://conda.anaconda.org/conda-forge/noarch/jinja2-3.1.2-pyhd8ed1ab_1.tar.bz2#c8490ed5c70966d232fdd389d0dbed37
https://conda.anaconda.org/conda-forge/noarch/pip-22.1.2-pyhd8ed1ab_0.tar.bz2#d29185c662a424f8bea1103270b85c96
https://conda.anaconda.org/conda-forge/linux-64/poetry-core-1.0.8-py37h89c1867_1.tar.bz2#7b5aa10cd6ec3c79cf2dbc6938257ce5
https://conda.anaconda.org/conda-forge/linux-64/pytz-deprecation-shim-0.1.0.post0-py37h89c1867_2.tar.bz2#bb2325c734edfad180f31e0baa97f187
https://conda.anaconda.org/conda-forge/linux-64/virtualenv-20.15.1-py37h89c1867_0.tar.bz2#95da97437e4ba169721ba016e0170895
https://conda.anaconda.org/conda-forge/linux-64/pango-1.50.8-hbd2fdc8_0.tar.bz2#e76dcd4a0efe0c037929f98c2fd87e10
https://conda.anaconda.org/conda-forge/noarch/pyopenssl-22.0.0-pyhd8ed1ab_0.tar.bz2#1d7e241dfaf5475e893d4b824bb71b44
https://conda.anaconda.org/conda-forge/linux-64/secretstorage-3.3.2-py37h89c1867_1.tar.bz2#1e3fd6d52bf6f870e7888f1f2021dd6f
https://conda.anaconda.org/conda-forge/linux-64/tzlocal-4.2-py37h89c1867_1.tar.bz2#837d66d8319ac85eac9b630488cd823d
https://conda.anaconda.org/conda-forge/linux-64/keyring-22.3.0-py37h89c1867_0.tar.bz2#8fb62238db8f62deb6d716f9aea2e4b2
https://conda.anaconda.org/conda-forge/linux-64/r-base-4.1.3-h06d3f91_1.tar.bz2#f19666e0f252407e016b5b4a4b236497
https://conda.anaconda.org/conda-forge/noarch/urllib3-1.26.10-pyhd8ed1ab_0.tar.bz2#14f22c5b9cfd0d93c2806faaa3fe6dec
https://conda.anaconda.org/conda-forge/noarch/requests-2.28.1-pyhd8ed1ab_0.tar.bz2#70d6e72856de9551f83ae0f2de689a7a
https://conda.anaconda.org/conda-forge/linux-64/rpy2-3.5.1-py37r41hda87dfa_0.tar.bz2#77fe5335065d84c3e8f02cedd072a92b
https://conda.anaconda.org/conda-forge/noarch/cachecontrol-0.12.11-pyhd8ed1ab_0.tar.bz2#6eefee9888f33f150b5d44d616b1a613
https://conda.anaconda.org/conda-forge/linux-64/conda-4.13.0-py37h89c1867_1.tar.bz2#4c4973c68e4b664f0249155a24bc887e
https://conda.anaconda.org/conda-forge/noarch/requests-toolbelt-0.9.1-py_0.tar.bz2#402668adee8fcba9a9c265cdc2a88f5a
https://conda.anaconda.org/conda-forge/linux-64/mamba-0.24.0-py37h6dacc13_1.tar.bz2#61b40ddf258a49172aff05ef58a18119
https://conda.anaconda.org/conda-forge/linux-64/poetry-1.1.14-py37h89c1867_0.tar.bz2#9128ee860d3580cf6c32df387634fa3a
