# Generated by conda-lock.
# platform: win-64
# input_hash: 8eb9d9fbd00d4f1c90f5f063431e132689d566fdd9ee4d28bf7d43d55a3ab38e
@EXPLICIT
https://conda.anaconda.org/conda-forge/noarch/_r-mutex-1.0.1-anacondar_1.tar.bz2#19f9db5f4f1b7f5ef5f6d67207f25f38
https://conda.anaconda.org/conda-forge/win-64/ca-certificates-2022.6.15-h5b45459_0.tar.bz2#b84069692c33afe59f31c7117c80696e
https://conda.anaconda.org/conda-forge/win-64/intel-openmp-2022.1.0-h57928b3_3787.tar.bz2#35dff2b6e944ce136a574c4c006cec28
https://conda.anaconda.org/conda-forge/win-64/msys2-conda-epoch-20160418-1.tar.bz2#b0309b72560df66f71a9d5e34a5efdfa
https://conda.anaconda.org/conda-forge/noarch/pybind11-abi-4-hd8ed1ab_3.tar.bz2#878f923dd6acc8aeb47a75da6c4098be
https://conda.anaconda.org/conda-forge/noarch/tzdata-2022a-h191b570_0.tar.bz2#84be5301069417a2221187d2f435e0f7
https://conda.anaconda.org/conda-forge/win-64/ucrt-10.0.20348.0-h57928b3_0.tar.bz2#6d666b6ea8251231ff508062d1e41f9c
https://conda.anaconda.org/conda-forge/win-64/m2w64-expat-2.1.1-2.tar.bz2#db44fde4e735d626b65cef1c6864d9ee
https://conda.anaconda.org/conda-forge/win-64/m2w64-gmp-6.1.0-2.tar.bz2#53a1c73e1e3d185516d7e3af177596d9
https://conda.anaconda.org/conda-forge/win-64/m2w64-gsl-2.1-2.tar.bz2#10d74053a6ef71d5b241dcb888f26094
https://conda.anaconda.org/conda-forge/win-64/m2w64-libiconv-1.14-6.tar.bz2#e701397b4fc0cf3fae3d93ab16223206
https://conda.anaconda.org/conda-forge/win-64/m2w64-libogg-1.3.2-3.tar.bz2#6625dc2927c059b2d3c534b95dab5f03
https://conda.anaconda.org/conda-forge/win-64/m2w64-libwinpthread-git-5.0.0.4634.697f757-2.tar.bz2#774130a326dee16f1ceb05cc687ee4f0
https://conda.anaconda.org/conda-forge/win-64/m2w64-wineditline-2.101-5.tar.bz2#dbf3928aea2832422342ed7cb43c9cdb
https://conda.anaconda.org/conda-forge/win-64/vs2015_runtime-14.29.30037-h902a5da_6.tar.bz2#33d07ebe91062743eabc9e53a60d18e1
https://conda.anaconda.org/conda-forge/win-64/m2w64-gcc-libs-core-5.3.0-7.tar.bz2#4289d80fb4d272f1f3b56cfe87ac90bd
https://conda.anaconda.org/conda-forge/win-64/m2w64-mpfr-3.1.4-4.tar.bz2#c06ce7a4ec998764e3e3c38f9985bceb
https://conda.anaconda.org/conda-forge/win-64/vc-14.2-hb210afc_6.tar.bz2#c2aecbc9b00ba6f352e27d3d61fd31fb
https://conda.anaconda.org/conda-forge/win-64/bzip2-1.0.8-h8ffe710_4.tar.bz2#7c03c66026944073040cb19a4f3ec3c9
https://conda.anaconda.org/conda-forge/win-64/libiconv-1.16-he774522_0.tar.bz2#bdfeadc9348e4d9fbe4821e81bf8f221
https://conda.anaconda.org/conda-forge/win-64/libzlib-1.2.12-h8ffe710_2.tar.bz2#74585107cf2f18b31aa84375fcb24215
https://conda.anaconda.org/conda-forge/win-64/lz4-c-1.9.3-h8ffe710_1.tar.bz2#d12763533276560a931c1bd3df1adf63
https://conda.anaconda.org/conda-forge/win-64/lzo-2.10-he774522_1000.tar.bz2#d5cf4b7eaa52316f135eed9e8548ad57
https://conda.anaconda.org/conda-forge/win-64/m2w64-gcc-libgfortran-5.3.0-6.tar.bz2#066552ac6b907ec6d72c0ddab29050dc
https://conda.anaconda.org/conda-forge/win-64/openssl-1.1.1q-h8ffe710_0.tar.bz2#2ee16f406ee12fe4dcd08b513e9bd0c6
https://conda.anaconda.org/conda-forge/win-64/reproc-14.2.3-h8ffe710_0.tar.bz2#843a3cd031e593c24b542206c3444a2b
https://conda.anaconda.org/conda-forge/win-64/sqlite-3.39.1-h8ffe710_0.tar.bz2#c78517cc232400e9901399a387b8210c
https://conda.anaconda.org/conda-forge/win-64/tbb-2021.5.0-h2d74725_1.tar.bz2#8f00f39dbd7deaba11410b0b6e7b2cb4
https://conda.anaconda.org/conda-forge/win-64/xz-5.2.5-h62dcd97_1.tar.bz2#eabcbfedd14d7c18a514afca09ea0ebb
https://conda.anaconda.org/conda-forge/win-64/yaml-0.2.5-h8ffe710_2.tar.bz2#adbfb9f45d1004a26763652246a33764
https://conda.anaconda.org/conda-forge/win-64/yaml-cpp-0.7.0-h0e60522_1.tar.bz2#c34337907ca7183dea17cbb6ab6cba6e
https://conda.anaconda.org/conda-forge/win-64/krb5-1.19.3-h1176d77_0.tar.bz2#2e0d447ab95d58d3ea1222121ec57f9f
https://conda.anaconda.org/conda-forge/win-64/libsolv-0.7.22-h7755175_0.tar.bz2#f782e1756fd2c9b62931e95363e0205a
https://conda.anaconda.org/conda-forge/win-64/m2w64-gcc-libs-5.3.0-7.tar.bz2#fe759119b8b3bfa720b8762c6fdc35de
https://conda.anaconda.org/conda-forge/win-64/mkl-2022.1.0-h6a75c08_874.tar.bz2#2ff89a7337a9636029b4db9466e9f8e3
https://conda.anaconda.org/conda-forge/win-64/python-3.7.12-h7840368_100_cpython.tar.bz2#7fe66ac3f4639174a320c4d8b842c08b
https://conda.anaconda.org/conda-forge/win-64/reproc-cpp-14.2.3-h0e60522_0.tar.bz2#534e8626893c41ed3b08bbba07396ca3
https://conda.anaconda.org/conda-forge/win-64/zlib-1.2.12-h8ffe710_2.tar.bz2#d6f4eeb62da2ad90c31082cc7178776a
https://conda.anaconda.org/conda-forge/win-64/zstd-1.5.2-h6255e5f_2.tar.bz2#e1c202295678d31c9feb9afded45c16a
https://conda.anaconda.org/conda-forge/noarch/backports-1.0-py_2.tar.bz2#0da16b293affa6ac31812376f8eb79dd
https://conda.anaconda.org/conda-forge/noarch/cachy-0.3.0-py_0.tar.bz2#808c46dc56ae4a796830129aaf1b51ec
https://conda.anaconda.org/conda-forge/noarch/charset-normalizer-2.1.0-pyhd8ed1ab_0.tar.bz2#abc0453b6e7bfbb87d275d58e333fc98
https://conda.anaconda.org/conda-forge/noarch/colorama-0.4.5-pyhd8ed1ab_0.tar.bz2#c267da48ce208905d7d976d49dfd9433
https://conda.anaconda.org/conda-forge/noarch/crashtest-0.3.1-pyhd8ed1ab_0.tar.bz2#b8477552274c1cfdb533e954c76523f1
https://conda.anaconda.org/conda-forge/noarch/distlib-0.3.5-pyhd8ed1ab_0.tar.bz2#f15c3912378a07726093cc94d1e13251
https://conda.anaconda.org/conda-forge/noarch/filelock-3.7.1-pyhd8ed1ab_0.tar.bz2#7556872687250e0ea038eb503da3c44b
https://conda.anaconda.org/conda-forge/noarch/idna-3.3-pyhd8ed1ab_0.tar.bz2#40b50b8b030f5f2f22085c062ed013dd
https://conda.anaconda.org/conda-forge/win-64/libblas-3.9.0-15_win64_mkl.tar.bz2#661187f959fed1821cdd6921a738336d
https://conda.anaconda.org/conda-forge/win-64/libssh2-1.10.0-h680486a_2.tar.bz2#7c3dab9db46226852f9c4c163870e4e4
https://conda.anaconda.org/conda-forge/win-64/libxml2-2.9.14-hf5bbc77_3.tar.bz2#e808942ccf50836ada87fca9166ade88
https://conda.anaconda.org/conda-forge/noarch/lockfile-0.12.2-py_1.tar.bz2#c104d98e09c47519950cffb8dd5b4f10
https://conda.anaconda.org/conda-forge/win-64/m2w64-bzip2-1.0.6-6.tar.bz2#3ab4872b978c1c0bd97a925374966348
https://conda.anaconda.org/conda-forge/win-64/m2w64-fftw-3.3.4-6.tar.bz2#22b70744e9ca1fb4cf9cc28e31c2fcc9
https://conda.anaconda.org/conda-forge/win-64/m2w64-flac-1.3.1-3.tar.bz2#3a4cb4df0fbf3a71f0aa638945557609
https://conda.anaconda.org/conda-forge/win-64/m2w64-gettext-0.19.7-2.tar.bz2#cf4d7755fdf72b2d92c72f321a847cdd
https://conda.anaconda.org/conda-forge/win-64/m2w64-libjpeg-turbo-1.4.2-3.tar.bz2#c13e6bdf596a6418f1347d8f472739cb
https://conda.anaconda.org/conda-forge/win-64/m2w64-libvorbis-1.3.5-2.tar.bz2#f746dd6b436cabacaf7ef546d252f7e1
https://conda.anaconda.org/conda-forge/win-64/m2w64-speexdsp-1.2rc3-3.tar.bz2#5850c91ec7511b27b00d3cd6cc09f0b5
https://conda.anaconda.org/conda-forge/noarch/pastel-0.2.1-pyhd8ed1ab_0.tar.bz2#a4eea5bff523f26442405bc5d1f52adb
https://conda.anaconda.org/conda-forge/noarch/pkginfo-1.8.3-pyhd8ed1ab_0.tar.bz2#0f2d0da112ff6fd76cc3ce038d72d2c9
https://conda.anaconda.org/conda-forge/noarch/platformdirs-2.5.2-pyhd8ed1ab_1.tar.bz2#2fb3f88922e7aec26ba652fcdfe13950
https://conda.anaconda.org/conda-forge/noarch/ptyprocess-0.7.0-pyhd3deb0d_0.tar.bz2#359eeb6536da0e687af562ed265ec263
https://conda.anaconda.org/conda-forge/noarch/pycparser-2.21-pyhd8ed1ab_0.tar.bz2#076becd9e05608f8dc72757d5f3a91ff
https://conda.anaconda.org/conda-forge/noarch/pylev-1.4.0-pyhd8ed1ab_0.tar.bz2#edf8651c4379d9d1495ad6229622d150
https://conda.anaconda.org/conda-forge/noarch/pyparsing-3.0.9-pyhd8ed1ab_0.tar.bz2#e8fbc1b54b25f4b08281467bc13b70cc
https://conda.anaconda.org/conda-forge/noarch/python-tzdata-2022.1-pyhd8ed1ab_0.tar.bz2#63b9ad103780c4d3c85af39a6f754b42
https://conda.anaconda.org/conda-forge/win-64/python_abi-3.7-2_cp37m.tar.bz2#ff0476bcf0bf3667a5950ed125006a10
https://conda.anaconda.org/conda-forge/noarch/pytz-2022.1-pyhd8ed1ab_0.tar.bz2#b87d66d6d3991d988fb31510c95a9267
https://conda.anaconda.org/conda-forge/noarch/shellingham-1.4.0-pyh44b312d_0.tar.bz2#437655338696f9d0dfdb0a024e66b255
https://conda.anaconda.org/conda-forge/noarch/simplegeneric-0.8.1-py_1.tar.bz2#a561caf8601e8d85547c77a54ee99333
https://conda.anaconda.org/conda-forge/noarch/six-1.16.0-pyh6c4a22f_0.tar.bz2#e5f25f8dbc060e9a8d912e432202afc2
https://conda.anaconda.org/conda-forge/noarch/typing-3.10.0.0-pyhd8ed1ab_0.tar.bz2#e6573ac68718f17b9d4f5c8eda3190f2
https://conda.anaconda.org/conda-forge/noarch/webencodings-0.5.1-py_1.tar.bz2#3563be4c5611a44210d9ba0c16113136
https://conda.anaconda.org/conda-forge/noarch/wheel-0.37.1-pyhd8ed1ab_0.tar.bz2#1ca02aaf78d9c70d9a81a3bed5752022
https://conda.anaconda.org/conda-forge/noarch/zipp-3.8.0-pyhd8ed1ab_0.tar.bz2#050b94cf4a8c760656e51d2d44e4632c
https://conda.anaconda.org/conda-forge/win-64/backports.zoneinfo-0.2.1-py37hcc03f2d_5.tar.bz2#88c8520e6baba193426be8987cf3516e
https://conda.anaconda.org/conda-forge/win-64/certifi-2022.6.15-py37h03978a9_0.tar.bz2#740f31cc6f537194f185623946210ed4
https://conda.anaconda.org/conda-forge/win-64/cffi-1.15.1-py37hd8e9650_0.tar.bz2#242d5111af431e8a2beae9ab3186a065
https://conda.anaconda.org/conda-forge/noarch/clikit-0.6.2-pyh9f0ad1d_0.tar.bz2#159273f717a11e53b2656f8b6521a5e2
https://conda.anaconda.org/conda-forge/noarch/html5lib-1.1-pyh9f0ad1d_0.tar.bz2#b2355343d6315c892543200231d7154a
https://conda.anaconda.org/conda-forge/noarch/importlib-metadata-1.7.0-pyhd8ed1ab_1.tar.bz2#19187069400a0f15d43de319fd56c6f0
https://conda.anaconda.org/conda-forge/win-64/libarchive-3.5.2-hb45042f_3.tar.bz2#cf3e4d27816e6890c7fddc53a8b6b373
https://conda.anaconda.org/conda-forge/win-64/libcblas-3.9.0-15_win64_mkl.tar.bz2#c6012601cd7dde1b4108128fb847de9f
https://conda.anaconda.org/conda-forge/win-64/libcurl-7.83.1-h789b8ee_0.tar.bz2#b70caa5b0251f09a47eeae9f8fc0f5b2
https://conda.anaconda.org/conda-forge/win-64/liblapack-3.9.0-15_win64_mkl.tar.bz2#7915daedfea4cc94ffcaa71cde184f50
https://conda.anaconda.org/conda-forge/win-64/m2w64-speex-1.2rc2-3.tar.bz2#f5827079b7562dfe40f67f8813fa2bff
https://conda.anaconda.org/conda-forge/win-64/m2w64-xz-5.2.2-2.tar.bz2#a5663c8daada7806ed83a77cf2ff6f4f
https://conda.anaconda.org/conda-forge/win-64/m2w64-zlib-1.2.8-10.tar.bz2#12b579f376a3215bebab449647d1203f
https://conda.anaconda.org/conda-forge/win-64/markupsafe-2.1.1-py37hcc03f2d_1.tar.bz2#ef4ee31c316f65bb6b80734bf65804a8
https://conda.anaconda.org/conda-forge/win-64/msgpack-python-1.0.4-py37h8c56517_0.tar.bz2#2e9775a744e6e7af4f1635343dcf48a6
https://conda.anaconda.org/conda-forge/noarch/packaging-20.9-pyh44b312d_0.tar.bz2#be69a38e912054a62dc82cc3c7711a64
https://conda.anaconda.org/conda-forge/noarch/pexpect-4.8.0-pyh9f0ad1d_2.tar.bz2#5909e7b978141dd80d28dbf9de627827
https://conda.anaconda.org/conda-forge/win-64/pycosat-0.6.3-py37hcc03f2d_1010.tar.bz2#f94bd05a7b46340f8f375c07859aebb2
https://conda.anaconda.org/conda-forge/win-64/pywin32-303-py37hcc03f2d_0.tar.bz2#e47cd4510d47e6e50994362cb641e6b1
https://conda.anaconda.org/conda-forge/win-64/pywin32-ctypes-0.2.0-py37h03978a9_1005.tar.bz2#0fa224adb07d55b623ea86e03b1b1d68
https://conda.anaconda.org/conda-forge/win-64/ruamel_yaml-0.15.80-py37hcc03f2d_1007.tar.bz2#d4b6f8280f186a00cd9dc169a15e9f55
https://conda.anaconda.org/conda-forge/win-64/setuptools-63.2.0-py37h03978a9_0.tar.bz2#aed3216e6d11ff06ea5ce0dbe93a7989
https://conda.anaconda.org/conda-forge/noarch/tomlkit-0.11.1-pyha770c72_0.tar.bz2#3347f5e2f9c13d792ae71bcefa8a5603
https://conda.anaconda.org/conda-forge/noarch/tqdm-4.64.0-pyhd8ed1ab_0.tar.bz2#6642233f341e1900d0c8e6eddb979c14
https://conda.anaconda.org/conda-forge/win-64/win_inet_pton-1.1.0-py37h03978a9_4.tar.bz2#baee0f9fee8864fa87dc77856cbb5284
https://conda.anaconda.org/conda-forge/win-64/brotlipy-0.7.0-py37hcc03f2d_1004.tar.bz2#0e0065d3ecf194ea73c6938430dcdc41
https://conda.anaconda.org/conda-forge/noarch/cleo-0.8.1-pyhd8ed1ab_2.tar.bz2#4c82b11a3d06031bd58e7d869f53d965
https://conda.anaconda.org/conda-forge/win-64/conda-package-handling-1.8.1-py37ha54c9ec_1.tar.bz2#a75e375999ddce33d89450067f0fb9b1
https://conda.anaconda.org/conda-forge/win-64/cryptography-37.0.4-py37h65266a2_0.tar.bz2#516aefbe254bb025c43cec795b94f791
https://conda.anaconda.org/conda-forge/noarch/importlib_metadata-1.7.0-hd8ed1ab_1.tar.bz2#8f68ed6ab2dbae9dd1558b71ec62201d
https://conda.anaconda.org/conda-forge/noarch/jinja2-3.1.2-pyhd8ed1ab_1.tar.bz2#c8490ed5c70966d232fdd389d0dbed37
https://conda.anaconda.org/conda-forge/win-64/libmamba-0.24.0-h81a967f_1.tar.bz2#bc2f6598c0021173cbfe883a7902fec8
https://conda.anaconda.org/conda-forge/win-64/m2w64-libpng-1.6.21-2.tar.bz2#97699ca33d38feb86c7105080e191bb1
https://conda.anaconda.org/conda-forge/win-64/m2w64-libsndfile-1.0.26-2.tar.bz2#081579f2a370699f70f2f1bcad5f8176
https://conda.anaconda.org/conda-forge/win-64/m2w64-libtiff-4.0.6-2.tar.bz2#669112ae52759168b8af135c40318f31
https://conda.anaconda.org/conda-forge/win-64/m2w64-libxml2-2.9.3-3.tar.bz2#3341b55d46e2347cf832e3c734e0e693
https://conda.anaconda.org/conda-forge/win-64/m2w64-pcre2-10.34-0.tar.bz2#f6ca05c091543bd4c526a2598fbf2467
https://conda.anaconda.org/conda-forge/win-64/m2w64-tcl-8.6.5-3.tar.bz2#0b1ac1d18d5c347f1c155065be099776
https://conda.anaconda.org/conda-forge/win-64/menuinst-1.4.18-py37h03978a9_1.tar.bz2#d57cd1e11cc5412ea2d6aff27d52efc1
https://conda.anaconda.org/conda-forge/win-64/numpy-1.21.6-py37h2830a78_0.tar.bz2#3386afc0c338f30d6f24ef046e9f31d6
https://conda.anaconda.org/conda-forge/noarch/pip-22.1.2-pyhd8ed1ab_0.tar.bz2#d29185c662a424f8bea1103270b85c96
https://conda.anaconda.org/conda-forge/win-64/poetry-core-1.0.8-py37h03978a9_1.tar.bz2#d747e1244231f64f5b7d839fbe466caf
https://conda.anaconda.org/conda-forge/win-64/pysocks-1.7.1-py37h03978a9_5.tar.bz2#36f5cb952ac637d76b80e8cf66171d2d
https://conda.anaconda.org/conda-forge/win-64/pytz-deprecation-shim-0.1.0.post0-py37h03978a9_2.tar.bz2#8e46d6701a369794c97b89e8b868b721
https://conda.anaconda.org/conda-forge/win-64/virtualenv-20.15.1-py37h03978a9_0.tar.bz2#7f8b60bb355145d56df939ff292ec740
https://conda.anaconda.org/conda-forge/win-64/keyring-22.3.0-py37h03978a9_0.tar.bz2#9f3dd7117140d87da9ae60aa8e5b9b9a
https://conda.anaconda.org/conda-forge/win-64/libmambapy-0.24.0-py37hed36de7_1.tar.bz2#c58bde52f32ba4cc848e72826e63f0b8
https://conda.anaconda.org/conda-forge/win-64/m2w64-tk-8.6.5-3.tar.bz2#c2d85c85caf655893ea11b92c395b3b6
https://conda.anaconda.org/conda-forge/noarch/pyopenssl-22.0.0-pyhd8ed1ab_0.tar.bz2#1d7e241dfaf5475e893d4b824bb71b44
https://conda.anaconda.org/conda-forge/win-64/tzlocal-4.2-py37h03978a9_1.tar.bz2#b5095858327d7d599eccf681d9af48b5
https://conda.anaconda.org/conda-forge/win-64/m2w64-bwidget-1.9.10-2.tar.bz2#a7a80ba7117dfb47f0ae148292e1f536
https://conda.anaconda.org/conda-forge/win-64/m2w64-tktable-2.10-5.tar.bz2#35f1284fc2839897b248f1a751b842e6
https://conda.anaconda.org/conda-forge/noarch/urllib3-1.26.10-pyhd8ed1ab_0.tar.bz2#14f22c5b9cfd0d93c2806faaa3fe6dec
https://conda.anaconda.org/conda-forge/win-64/r-base-4.1.3-hddad469_1.tar.bz2#b038f35b2c87af76040e78cd0bb51921
https://conda.anaconda.org/conda-forge/noarch/requests-2.28.1-pyhd8ed1ab_0.tar.bz2#70d6e72856de9551f83ae0f2de689a7a
https://conda.anaconda.org/conda-forge/noarch/cachecontrol-0.12.11-pyhd8ed1ab_0.tar.bz2#6eefee9888f33f150b5d44d616b1a613
https://conda.anaconda.org/conda-forge/win-64/conda-4.13.0-py37h03978a9_1.tar.bz2#5b45b661956cf4e1c1011fb2df61cdf9
https://conda.anaconda.org/conda-forge/noarch/requests-toolbelt-0.9.1-py_0.tar.bz2#402668adee8fcba9a9c265cdc2a88f5a
https://conda.anaconda.org/conda-forge/win-64/rpy2-3.5.1-py37r41hb2b6c3e_0.tar.bz2#3ce8a8aec399390a423ecf4337f5d3be
https://conda.anaconda.org/conda-forge/win-64/mamba-0.24.0-py37h13f6ddf_1.tar.bz2#0c7904917d401a0db9f7dbec6d832f06
https://conda.anaconda.org/conda-forge/win-64/poetry-1.1.14-py37h03978a9_0.tar.bz2#1373a9791c513cc4e37a31d9b1da1237
